// !$*UTF8*$!
{
	archiveVersion = 1;
	classes = {
	};
	objectVersion = 77;
	objects = {

/* Begin PBXBuildFile section */
		5426DA9E2DD6D4D2006565FA /* UserListTableViewController.swift in Sources */ = {isa = PBXBuildFile; fileRef = 5426DA9C2DD6D4D2006565FA /* UserListTableViewController.swift */; };
		5426DA9F2DD6D4D2006565FA /* UserListViewModel.swift in Sources */ = {isa = PBXBuildFile; fileRef = 5426DA9A2DD6D4D2006565FA /* UserListViewModel.swift */; };
		5426DAA02DD6D4D2006565FA /* UserListTableViewCell.swift in Sources */ = {isa = PBXBuildFile; fileRef = 5426DA982DD6D4D2006565FA /* UserListTableViewCell.swift */; };
		542B72502DD657E2006C3EAB /* Main.storyboard in Resources */ = {isa = PBXBuildFile; fileRef = 542B72412DD657E2006C3EAB /* Main.storyboard */; };
		542B72522DD657E2006C3EAB /* Assets.xcassets in Resources */ = {isa = PBXBuildFile; fileRef = 542B724A2DD657E2006C3EAB /* Assets.xcassets */; };
		542B72532DD657E2006C3EAB /* LaunchScreen.storyboard in Resources */ = {isa = PBXBuildFile; fileRef = 542B72392DD657E2006C3EAB /* LaunchScreen.storyboard */; };
		542B72542DD657E2006C3EAB /* SceneDelegate.swift in Sources */ = {isa = PBXBuildFile; fileRef = 542B723A2DD657E2006C3EAB /* SceneDelegate.swift */; };
		542B72552DD657E2006C3EAB /* AppDelegate.swift in Sources */ = {isa = PBXBuildFile; fileRef = 542B72372DD657E2006C3EAB /* AppDelegate.swift */; };
		542B72562DD657E2006C3EAB /* User.swift in Sources */ = {isa = PBXBuildFile; fileRef = 542B723E2DD657E2006C3EAB /* User.swift */; };
		542B72582DD657E2006C3EAB /* Communicator.swift in Sources */ = {isa = PBXBuildFile; fileRef = 542B724C2DD657E2006C3EAB /* Communicator.swift */; };
		542B72592DD657E2006C3EAB /* Common.swift in Sources */ = {isa = PBXBuildFile; fileRef = 542B724B2DD657E2006C3EAB /* Common.swift */; };
		542B725A2DD657E2006C3EAB /* UIApplication.swift in Sources */ = {isa = PBXBuildFile; fileRef = 542B723C2DD657E2006C3EAB /* UIApplication.swift */; };
		542B725E2DD657E2006C3EAB /* LoadingView.swift in Sources */ = {isa = PBXBuildFile; fileRef = 542B724E2DD657E2006C3EAB /* LoadingView.swift */; };
		54C76C312DD65C3E0043DBF6 /* Pods_KDAN_Demo.framework in Frameworks */ = {isa = PBXBuildFile; fileRef = 54C76C302DD65C3E0043DBF6 /* Pods_KDAN_Demo.framework */; };
		54C76C332DD660D20043DBF6 /* UserDetailTableViewController.swift in Sources */ = {isa = PBXBuildFile; fileRef = 54C76C322DD660D20043DBF6 /* UserDetailTableViewController.swift */; };
		54C76C352DD664B60043DBF6 /* UserDetail.swift in Sources */ = {isa = PBXBuildFile; fileRef = 54C76C342DD664B60043DBF6 /* UserDetail.swift */; };
/* End PBXBuildFile section */

/* Begin PBXFileReference section */
		11C8EA538DB9488542B792B8 /* Pods_KDAN_Demo.framework */ = {isa = PBXFileReference; explicitFileType = wrapper.framework; includeInIndex = 0; path = Pods_KDAN_Demo.framework; sourceTree = BUILT_PRODUCTS_DIR; };
		5426DA982DD6D4D2006565FA /* UserListTableViewCell.swift */ = {isa = PBXFileReference; lastKnownFileType = sourcecode.swift; path = UserListTableViewCell.swift; sourceTree = "<group>"; };
		5426DA9A2DD6D4D2006565FA /* UserListViewModel.swift */ = {isa = PBXFileReference; lastKnownFileType = sourcecode.swift; path = UserListViewModel.swift; sourceTree = "<group>"; };
		5426DA9C2DD6D4D2006565FA /* UserListTableViewController.swift */ = {isa = PBXFileReference; lastKnownFileType = sourcecode.swift; path = UserListTableViewController.swift; sourceTree = "<group>"; };
		542B717E2DD46BD7006C3EAB /* KDAN Demo.app */ = {isa = PBXFileReference; explicitFileType = wrapper.application; includeInIndex = 0; path = "KDAN Demo.app"; sourceTree = BUILT_PRODUCTS_DIR; };
		542B72372DD657E2006C3EAB /* AppDelegate.swift */ = {isa = PBXFileReference; lastKnownFileType = sourcecode.swift; path = AppDelegate.swift; sourceTree = "<group>"; };
		542B72382DD657E2006C3EAB /* Base */ = {isa = PBXFileReference; lastKnownFileType = file.storyboard; name = Base; path = Base.lproj/LaunchScreen.storyboard; sourceTree = "<group>"; };
		542B723A2DD657E2006C3EAB /* SceneDelegate.swift */ = {isa = PBXFileReference; lastKnownFileType = sourcecode.swift; path = SceneDelegate.swift; sourceTree = "<group>"; };
		542B723C2DD657E2006C3EAB /* UIApplication.swift */ = {isa = PBXFileReference; lastKnownFileType = sourcecode.swift; path = UIApplication.swift; sourceTree = "<group>"; };
		542B723E2DD657E2006C3EAB /* User.swift */ = {isa = PBXFileReference; lastKnownFileType = sourcecode.swift; path = User.swift; sourceTree = "<group>"; };
		542B72402DD657E2006C3EAB /* Base */ = {isa = PBXFileReference; lastKnownFileType = file.storyboard; name = Base; path = Base.lproj/Main.storyboard; sourceTree = "<group>"; };
		542B724A2DD657E2006C3EAB /* Assets.xcassets */ = {isa = PBXFileReference; lastKnownFileType = folder.assetcatalog; path = Assets.xcassets; sourceTree = "<group>"; };
		542B724B2DD657E2006C3EAB /* Common.swift */ = {isa = PBXFileReference; lastKnownFileType = sourcecode.swift; path = Common.swift; sourceTree = "<group>"; };
		542B724C2DD657E2006C3EAB /* Communicator.swift */ = {isa = PBXFileReference; lastKnownFileType = sourcecode.swift; path = Communicator.swift; sourceTree = "<group>"; };
		542B724D2DD657E2006C3EAB /* Info.plist */ = {isa = PBXFileReference; lastKnownFileType = text.plist.xml; path = Info.plist; sourceTree = "<group>"; };
		542B724E2DD657E2006C3EAB /* LoadingView.swift */ = {isa = PBXFileReference; lastKnownFileType = sourcecode.swift; path = LoadingView.swift; sourceTree = "<group>"; };
		54C76C302DD65C3E0043DBF6 /* Pods_KDAN_Demo.framework */ = {isa = PBXFileReference; explicitFileType = wrapper.framework; path = Pods_KDAN_Demo.framework; sourceTree = BUILT_PRODUCTS_DIR; };
		54C76C322DD660D20043DBF6 /* UserDetailTableViewController.swift */ = {isa = PBXFileReference; lastKnownFileType = sourcecode.swift; path = UserDetailTableViewController.swift; sourceTree = "<group>"; };
		54C76C342DD664B60043DBF6 /* UserDetail.swift */ = {isa = PBXFileReference; lastKnownFileType = sourcecode.swift; path = UserDetail.swift; sourceTree = "<group>"; };
		569DD7145B7A43D8A8CD3E94 /* Pods-KDAN Demo.release.xcconfig */ = {isa = PBXFileReference; includeInIndex = 1; lastKnownFileType = text.xcconfig; name = "Pods-KDAN Demo.release.xcconfig"; path = "Target Support Files/Pods-KDAN Demo/Pods-KDAN Demo.release.xcconfig"; sourceTree = "<group>"; };
		6005591A056E3F3DB701F004 /* Pods-KDAN Demo.debug.xcconfig */ = {isa = PBXFileReference; includeInIndex = 1; lastKnownFileType = text.xcconfig; name = "Pods-KDAN Demo.debug.xcconfig"; path = "Target Support Files/Pods-KDAN Demo/Pods-KDAN Demo.debug.xcconfig"; sourceTree = "<group>"; };
/* End PBXFileReference section */

/* Begin PBXFrameworksBuildPhase section */
		542B717B2DD46BD7006C3EAB /* Frameworks */ = {
			isa = PBXFrameworksBuildPhase;
			buildActionMask = 2147483647;
			files = (
				54C76C312DD65C3E0043DBF6 /* Pods_KDAN_Demo.framework in Frameworks */,
			);
			runOnlyForDeploymentPostprocessing = 0;
		};
/* End PBXFrameworksBuildPhase section */

/* Begin PBXGroup section */
		1FCC12F5567AC3A5F38A10BC /* Pods */ = {
			isa = PBXGroup;
			children = (
				6005591A056E3F3DB701F004 /* Pods-KDAN Demo.debug.xcconfig */,
				569DD7145B7A43D8A8CD3E94 /* Pods-KDAN Demo.release.xcconfig */,
			);
			path = Pods;
			sourceTree = "<group>";
		};
		296A75D35E785A69E4F03401 /* Frameworks */ = {
			isa = PBXGroup;
			children = (
				54C76C302DD65C3E0043DBF6 /* Pods_KDAN_Demo.framework */,
				11C8EA538DB9488542B792B8 /* Pods_KDAN_Demo.framework */,
			);
			name = Frameworks;
			sourceTree = "<group>";
		};
		5426DA992DD6D4D2006565FA /* Cell */ = {
			isa = PBXGroup;
			children = (
				5426DA982DD6D4D2006565FA /* UserListTableViewCell.swift */,
			);
			path = Cell;
			sourceTree = "<group>";
		};
		5426DA9B2DD6D4D2006565FA /* ViewModel */ = {
			isa = PBXGroup;
			children = (
				5426DA9A2DD6D4D2006565FA /* UserListViewModel.swift */,
			);
			path = ViewModel;
			sourceTree = "<group>";
		};
		5426DA9D2DD6D4D2006565FA /* UserList */ = {
			isa = PBXGroup;
			children = (
				5426DA9C2DD6D4D2006565FA /* UserListTableViewController.swift */,
				5426DA9B2DD6D4D2006565FA /* ViewModel */,
				5426DA992DD6D4D2006565FA /* Cell */,
			);
			path = UserList;
			sourceTree = "<group>";
		};
		542B71752DD46BD7006C3EAB = {
			isa = PBXGroup;
			children = (
				542B724F2DD657E2006C3EAB /* KDAN Demo */,
				542B717F2DD46BD7006C3EAB /* Products */,
				1FCC12F5567AC3A5F38A10BC /* Pods */,
				296A75D35E785A69E4F03401 /* Frameworks */,
			);
			sourceTree = "<group>";
		};
		542B717F2DD46BD7006C3EAB /* Products */ = {
			isa = PBXGroup;
			children = (
				542B717E2DD46BD7006C3EAB /* KDAN Demo.app */,
			);
			name = Products;
			sourceTree = "<group>";
		};
		542B723B2DD657E2006C3EAB /* Application */ = {
			isa = PBXGroup;
			children = (
				542B72372DD657E2006C3EAB /* AppDelegate.swift */,
				542B72392DD657E2006C3EAB /* LaunchScreen.storyboard */,
				542B723A2DD657E2006C3EAB /* SceneDelegate.swift */,
			);
			path = Application;
			sourceTree = "<group>";
		};
		542B723D2DD657E2006C3EAB /* Extension */ = {
			isa = PBXGroup;
			children = (
				542B723C2DD657E2006C3EAB /* UIApplication.swift */,
			);
			path = Extension;
			sourceTree = "<group>";
		};
		542B723F2DD657E2006C3EAB /* Model */ = {
			isa = PBXGroup;
			children = (
				542B723E2DD657E2006C3EAB /* User.swift */,
				54C76C342DD664B60043DBF6 /* UserDetail.swift */,
			);
			path = Model;
			sourceTree = "<group>";
		};
		542B72422DD657E2006C3EAB /* View */ = {
			isa = PBXGroup;
			children = (
				542B72412DD657E2006C3EAB /* Main.storyboard */,
			);
			path = View;
			sourceTree = "<group>";
		};
		542B72472DD657E2006C3EAB /* ViewController */ = {
			isa = PBXGroup;
			children = (
				5426DA9D2DD6D4D2006565FA /* UserList */,
				54C76C322DD660D20043DBF6 /* UserDetailTableViewController.swift */,
			);
			path = ViewController;
			sourceTree = "<group>";
		};
		542B724F2DD657E2006C3EAB /* KDAN Demo */ = {
			isa = PBXGroup;
			children = (
				542B723B2DD657E2006C3EAB /* Application */,
				542B724B2DD657E2006C3EAB /* Common.swift */,
				542B724C2DD657E2006C3EAB /* Communicator.swift */,
				542B724E2DD657E2006C3EAB /* LoadingView.swift */,
				542B723D2DD657E2006C3EAB /* Extension */,
				542B723F2DD657E2006C3EAB /* Model */,
				542B72472DD657E2006C3EAB /* ViewController */,
				542B72422DD657E2006C3EAB /* View */,
				542B724A2DD657E2006C3EAB /* Assets.xcassets */,
				542B724D2DD657E2006C3EAB /* Info.plist */,
			);
			path = "KDAN Demo";
			sourceTree = "<group>";
		};
/* End PBXGroup section */

/* Begin PBXNativeTarget section */
		542B717D2DD46BD7006C3EAB /* KDAN Demo */ = {
			isa = PBXNativeTarget;
			buildConfigurationList = 542B71912DD46BD8006C3EAB /* Build configuration list for PBXNativeTarget "KDAN Demo" */;
			buildPhases = (
				FA120B38885A3FEB4175DD3D /* [CP] Check Pods Manifest.lock */,
				542B717A2DD46BD7006C3EAB /* Sources */,
				542B717B2DD46BD7006C3EAB /* Frameworks */,
				542B717C2DD46BD7006C3EAB /* Resources */,
				B44C9D68BF3790B8976A1377 /* [CP] Embed Pods Frameworks */,
			);
			buildRules = (
			);
			dependencies = (
			);
			name = "KDAN Demo";
			productName = "KDAN Demo";
			productReference = 542B717E2DD46BD7006C3EAB /* KDAN Demo.app */;
			productType = "com.apple.product-type.application";
		};
/* End PBXNativeTarget section */

/* Begin PBXProject section */
		542B71762DD46BD7006C3EAB /* Project object */ = {
			isa = PBXProject;
			attributes = {
				BuildIndependentTargetsInParallel = 1;
				LastSwiftUpdateCheck = 1600;
				LastUpgradeCheck = 1600;
				TargetAttributes = {
					542B717D2DD46BD7006C3EAB = {
						CreatedOnToolsVersion = 16.0;
					};
				};
			};
			buildConfigurationList = 542B71792DD46BD7006C3EAB /* Build configuration list for PBXProject "KDAN Demo" */;
			developmentRegion = en;
			hasScannedForEncodings = 0;
			knownRegions = (
				en,
				Base,
			);
			mainGroup = 542B71752DD46BD7006C3EAB;
			minimizedProjectReferenceProxies = 1;
			preferredProjectObjectVersion = 77;
			productRefGroup = 542B717F2DD46BD7006C3EAB /* Products */;
			projectDirPath = "";
			projectRoot = "";
			targets = (
				542B717D2DD46BD7006C3EAB /* KDAN Demo */,
			);
		};
/* End PBXProject section */

/* Begin PBXResourcesBuildPhase section */
		542B717C2DD46BD7006C3EAB /* Resources */ = {
			isa = PBXResourcesBuildPhase;
			buildActionMask = 2147483647;
			files = (
				542B72502DD657E2006C3EAB /* Main.storyboard in Resources */,
				542B72522DD657E2006C3EAB /* Assets.xcassets in Resources */,
				542B72532DD657E2006C3EAB /* LaunchScreen.storyboard in Resources */,
			);
			runOnlyForDeploymentPostprocessing = 0;
		};
/* End PBXResourcesBuildPhase section */

/* Begin PBXShellScriptBuildPhase section */
		B44C9D68BF3790B8976A1377 /* [CP] Embed Pods Frameworks */ = {
			isa = PBXShellScriptBuildPhase;
			buildActionMask = 2147483647;
			files = (
			);
			inputFileListPaths = (
				"${PODS_ROOT}/Target Support Files/Pods-KDAN Demo/Pods-KDAN Demo-frameworks-${CONFIGURATION}-input-files.xcfilelist",
			);
			name = "[CP] Embed Pods Frameworks";
			outputFileListPaths = (
				"${PODS_ROOT}/Target Support Files/Pods-KDAN Demo/Pods-KDAN Demo-frameworks-${CONFIGURATION}-output-files.xcfilelist",
			);
			runOnlyForDeploymentPostprocessing = 0;
			shellPath = /bin/sh;
			shellScript = "\"${PODS_ROOT}/Target Support Files/Pods-KDAN Demo/Pods-KDAN Demo-frameworks.sh\"\n";
			showEnvVarsInLog = 0;
		};
		FA120B38885A3FEB4175DD3D /* [CP] Check Pods Manifest.lock */ = {
			isa = PBXShellScriptBuildPhase;
			buildActionMask = 2147483647;
			files = (
			);
			inputFileListPaths = (
			);
			inputPaths = (
				"${PODS_PODFILE_DIR_PATH}/Podfile.lock",
				"${PODS_ROOT}/Manifest.lock",
			);
			name = "[CP] Check Pods Manifest.lock";
			outputFileListPaths = (
			);
			outputPaths = (
				"$(DERIVED_FILE_DIR)/Pods-KDAN Demo-checkManifestLockResult.txt",
			);
			runOnlyForDeploymentPostprocessing = 0;
			shellPath = /bin/sh;
			shellScript = "diff \"${PODS_PODFILE_DIR_PATH}/Podfile.lock\" \"${PODS_ROOT}/Manifest.lock\" > /dev/null\nif [ $? != 0 ] ; then\n    # print error to STDERR\n    echo \"error: The sandbox is not in sync with the Podfile.lock. Run 'pod install' or update your CocoaPods installation.\" >&2\n    exit 1\nfi\n# This output is used by Xcode 'outputs' to avoid re-running this script phase.\necho \"SUCCESS\" > \"${SCRIPT_OUTPUT_FILE_0}\"\n";
			showEnvVarsInLog = 0;
		};
/* End PBXShellScriptBuildPhase section */

/* Begin PBXSourcesBuildPhase section */
		542B717A2DD46BD7006C3EAB /* Sources */ = {
			isa = PBXSourcesBuildPhase;
			buildActionMask = 2147483647;
			files = (
				542B72542DD657E2006C3EAB /* SceneDelegate.swift in Sources */,
				54C76C352DD664B60043DBF6 /* UserDetail.swift in Sources */,
				54C76C332DD660D20043DBF6 /* UserDetailTableViewController.swift in Sources */,
				5426DA9E2DD6D4D2006565FA /* UserListTableViewController.swift in Sources */,
				5426DA9F2DD6D4D2006565FA /* UserListViewModel.swift in Sources */,
				5426DAA02DD6D4D2006565FA /* UserListTableViewCell.swift in Sources */,
				542B72552DD657E2006C3EAB /* AppDelegate.swift in Sources */,
				542B72562DD657E2006C3EAB /* User.swift in Sources */,
				542B72582DD657E2006C3EAB /* Communicator.swift in Sources */,
				542B72592DD657E2006C3EAB /* Common.swift in Sources */,
				542B725A2DD657E2006C3EAB /* UIApplication.swift in Sources */,
				542B725E2DD657E2006C3EAB /* LoadingView.swift in Sources */,
			);
			runOnlyForDeploymentPostprocessing = 0;
		};
/* End PBXSourcesBuildPhase section */

/* Begin PBXVariantGroup section */
		542B72392DD657E2006C3EAB /* LaunchScreen.storyboard */ = {
			isa = PBXVariantGroup;
			children = (
				542B72382DD657E2006C3EAB /* Base */,
			);
			name = LaunchScreen.storyboard;
			sourceTree = "<group>";
		};
		542B72412DD657E2006C3EAB /* Main.storyboard */ = {
			isa = PBXVariantGroup;
			children = (
				542B72402DD657E2006C3EAB /* Base */,
			);
			name = Main.storyboard;
			sourceTree = "<group>";
		};
/* End PBXVariantGroup section */

/* Begin XCBuildConfiguration section */
		542B71922DD46BD8006C3EAB /* Debug */ = {
			isa = XCBuildConfiguration;
			baseConfigurationReference = 6005591A056E3F3DB701F004 /* Pods-KDAN Demo.debug.xcconfig */;
			buildSettings = {
				ASSETCATALOG_COMPILER_APPICON_NAME = AppIcon;
				ASSETCATALOG_COMPILER_GLOBAL_ACCENT_COLOR_NAME = AccentColor;
				CODE_SIGN_STYLE = Automatic;
				CURRENT_PROJECT_VERSION = 1;
				DEVELOPMENT_TEAM = J78GGWFY9K;
				ENABLE_USER_SCRIPT_SANDBOXING = NO;
				GENERATE_INFOPLIST_FILE = YES;
				INFOPLIST_FILE = "$(SRCROOT)/KDAN Demo/Info.plist";
				INFOPLIST_KEY_UIApplicationSupportsIndirectInputEvents = YES;
				INFOPLIST_KEY_UILaunchStoryboardName = LaunchScreen;
				INFOPLIST_KEY_UIMainStoryboardFile = Main;
				INFOPLIST_KEY_UISupportedInterfaceOrientations_iPad = "UIInterfaceOrientationPortrait UIInterfaceOrientationPortraitUpsideDown UIInterfaceOrientationLandscapeLeft UIInterfaceOrientationLandscapeRight";
				INFOPLIST_KEY_UISupportedInterfaceOrientations_iPhone = "UIInterfaceOrientationPortrait UIInterfaceOrientationLandscapeLeft UIInterfaceOrientationLandscapeRight";
				LD_RUNPATH_SEARCH_PATHS = (
					"$(inherited)",
					"@executable_path/Frameworks",
				);
				MARKETING_VERSION = 1.0;
				PRODUCT_BUNDLE_IDENTIFIER = "CW.KDAN-Demo";
				PRODUCT_NAME = "$(TARGET_NAME)";
				SUPPORTED_PLATFORMS = "iphoneos iphonesimulator";
				SUPPORTS_MACCATALYST = NO;
				SUPPORTS_MAC_DESIGNED_FOR_IPHONE_IPAD = NO;
				SUPPORTS_XR_DESIGNED_FOR_IPHONE_IPAD = NO;
				SWIFT_EMIT_LOC_STRINGS = YES;
				SWIFT_VERSION = 5.0;
				TARGETED_DEVICE_FAMILY = "1,2";
			};
			name = Debug;
		};
		542B71932DD46BD8006C3EAB /* Release */ = {
			isa = XCBuildConfiguration;
			baseConfigurationReference = 569DD7145B7A43D8A8CD3E94 /* Pods-KDAN Demo.release.xcconfig */;
			buildSettings = {
				ASSETCATALOG_COMPILER_APPICON_NAME = AppIcon;
				ASSETCATALOG_COMPILER_GLOBAL_ACCENT_COLOR_NAME = AccentColor;
				CODE_SIGN_STYLE = Automatic;
				CURRENT_PROJECT_VERSION = 1;
				DEVELOPMENT_TEAM = J78GGWFY9K;
				ENABLE_USER_SCRIPT_SANDBOXING = NO;
				GENERATE_INFOPLIST_FILE = YES;
				INFOPLIST_FILE = "$(SRCROOT)/KDAN Demo/Info.plist";
				INFOPLIST_KEY_UIApplicationSupportsIndirectInputEvents = YES;
				INFOPLIST_KEY_UILaunchStoryboardName = LaunchScreen;
				INFOPLIST_KEY_UIMainStoryboardFile = Main;
				INFOPLIST_KEY_UISupportedInterfaceOrientations_iPad = "UIInterfaceOrientationPortrait UIInterfaceOrientationPortraitUpsideDown UIInterfaceOrientationLandscapeLeft UIInterfaceOrientationLandscapeRight";
				INFOPLIST_KEY_UISupportedInterfaceOrientations_iPhone = "UIInterfaceOrientationPortrait UIInterfaceOrientationLandscapeLeft UIInterfaceOrientationLandscapeRight";
				LD_RUNPATH_SEARCH_PATHS = (
					"$(inherited)",
					"@executable_path/Frameworks",
				);
				MARKETING_VERSION = 1.0;
				PRODUCT_BUNDLE_IDENTIFIER = "CW.KDAN-Demo";
				PRODUCT_NAME = "$(TARGET_NAME)";
				SUPPORTED_PLATFORMS = "iphoneos iphonesimulator";
				SUPPORTS_MACCATALYST = NO;
				SUPPORTS_MAC_DESIGNED_FOR_IPHONE_IPAD = NO;
				SUPPORTS_XR_DESIGNED_FOR_IPHONE_IPAD = NO;
				SWIFT_EMIT_LOC_STRINGS = YES;
				SWIFT_VERSION = 5.0;
				TARGETED_DEVICE_FAMILY = "1,2";
			};
			name = Release;
		};
		542B71942DD46BD8006C3EAB /* Debug */ = {
			isa = XCBuildConfiguration;
			buildSettings = {
				ALWAYS_SEARCH_USER_PATHS = NO;
				ASSETCATALOG_COMPILER_GENERATE_SWIFT_ASSET_SYMBOL_EXTENSIONS = YES;
				CLANG_ANALYZER_NONNULL = YES;
				CLANG_ANALYZER_NUMBER_OBJECT_CONVERSION = YES_AGGRESSIVE;
				CLANG_CXX_LANGUAGE_STANDARD = "gnu++20";
				CLANG_ENABLE_MODULES = YES;
				CLANG_ENABLE_OBJC_ARC = YES;
				CLANG_ENABLE_OBJC_WEAK = YES;
				CLANG_WARN_BLOCK_CAPTURE_AUTORELEASING = YES;
				CLANG_WARN_BOOL_CONVERSION = YES;
				CLANG_WARN_COMMA = YES;
				CLANG_WARN_CONSTANT_CONVERSION = YES;
				CLANG_WARN_DEPRECATED_OBJC_IMPLEMENTATIONS = YES;
				CLANG_WARN_DIRECT_OBJC_ISA_USAGE = YES_ERROR;
				CLANG_WARN_DOCUMENTATION_COMMENTS = YES;
				CLANG_WARN_EMPTY_BODY = YES;
				CLANG_WARN_ENUM_CONVERSION = YES;
				CLANG_WARN_INFINITE_RECURSION = YES;
				CLANG_WARN_INT_CONVERSION = YES;
				CLANG_WARN_NON_LITERAL_NULL_CONVERSION = YES;
				CLANG_WARN_OBJC_IMPLICIT_RETAIN_SELF = YES;
				CLANG_WARN_OBJC_LITERAL_CONVERSION = YES;
				CLANG_WARN_OBJC_ROOT_CLASS = YES_ERROR;
				CLANG_WARN_QUOTED_INCLUDE_IN_FRAMEWORK_HEADER = YES;
				CLANG_WARN_RANGE_LOOP_ANALYSIS = YES;
				CLANG_WARN_STRICT_PROTOTYPES = YES;
				CLANG_WARN_SUSPICIOUS_MOVE = YES;
				CLANG_WARN_UNGUARDED_AVAILABILITY = YES_AGGRESSIVE;
				CLANG_WARN_UNREACHABLE_CODE = YES;
				CLANG_WARN__DUPLICATE_METHOD_MATCH = YES;
				COPY_PHASE_STRIP = NO;
				DEBUG_INFORMATION_FORMAT = dwarf;
				ENABLE_STRICT_OBJC_MSGSEND = YES;
				ENABLE_TESTABILITY = YES;
				ENABLE_USER_SCRIPT_SANDBOXING = YES;
				GCC_C_LANGUAGE_STANDARD = gnu17;
				GCC_DYNAMIC_NO_PIC = NO;
				GCC_NO_COMMON_BLOCKS = YES;
				GCC_OPTIMIZATION_LEVEL = 0;
				GCC_PREPROCESSOR_DEFINITIONS = (
					"DEBUG=1",
					"$(inherited)",
				);
				GCC_WARN_64_TO_32_BIT_CONVERSION = YES;
				GCC_WARN_ABOUT_RETURN_TYPE = YES_ERROR;
				GCC_WARN_UNDECLARED_SELECTOR = YES;
				GCC_WARN_UNINITIALIZED_AUTOS = YES_AGGRESSIVE;
				GCC_WARN_UNUSED_FUNCTION = YES;
				GCC_WARN_UNUSED_VARIABLE = YES;
				IPHONEOS_DEPLOYMENT_TARGET = 18.0;
				LOCALIZATION_PREFERS_STRING_CATALOGS = YES;
				MTL_ENABLE_DEBUG_INFO = INCLUDE_SOURCE;
				MTL_FAST_MATH = YES;
				ONLY_ACTIVE_ARCH = YES;
				SDKROOT = iphoneos;
				SWIFT_ACTIVE_COMPILATION_CONDITIONS = "DEBUG $(inherited)";
				SWIFT_OPTIMIZATION_LEVEL = "-Onone";
			};
			name = Debug;
		};
		542B71952DD46BD8006C3EAB /* Release */ = {
			isa = XCBuildConfiguration;
			buildSettings = {
				ALWAYS_SEARCH_USER_PATHS = NO;
				ASSETCATALOG_COMPILER_GENERATE_SWIFT_ASSET_SYMBOL_EXTENSIONS = YES;
				CLANG_ANALYZER_NONNULL = YES;
				CLANG_ANALYZER_NUMBER_OBJECT_CONVERSION = YES_AGGRESSIVE;
				CLANG_CXX_LANGUAGE_STANDARD = "gnu++20";
				CLANG_ENABLE_MODULES = YES;
				CLANG_ENABLE_OBJC_ARC = YES;
				CLANG_ENABLE_OBJC_WEAK = YES;
				CLANG_WARN_BLOCK_CAPTURE_AUTORELEASING = YES;
				CLANG_WARN_BOOL_CONVERSION = YES;
				CLANG_WARN_COMMA = YES;
				CLANG_WARN_CONSTANT_CONVERSION = YES;
				CLANG_WARN_DEPRECATED_OBJC_IMPLEMENTATIONS = YES;
				CLANG_WARN_DIRECT_OBJC_ISA_USAGE = YES_ERROR;
				CLANG_WARN_DOCUMENTATION_COMMENTS = YES;
				CLANG_WARN_EMPTY_BODY = YES;
				CLANG_WARN_ENUM_CONVERSION = YES;
				CLANG_WARN_INFINITE_RECURSION = YES;
				CLANG_WARN_INT_CONVERSION = YES;
				CLANG_WARN_NON_LITERAL_NULL_CONVERSION = YES;
				CLANG_WARN_OBJC_IMPLICIT_RETAIN_SELF = YES;
				CLANG_WARN_OBJC_LITERAL_CONVERSION = YES;
				CLANG_WARN_OBJC_ROOT_CLASS = YES_ERROR;
				CLANG_WARN_QUOTED_INCLUDE_IN_FRAMEWORK_HEADER = YES;
				CLANG_WARN_RANGE_LOOP_ANALYSIS = YES;
				CLANG_WARN_STRICT_PROTOTYPES = YES;
				CLANG_WARN_SUSPICIOUS_MOVE = YES;
				CLANG_WARN_UNGUARDED_AVAILABILITY = YES_AGGRESSIVE;
				CLANG_WARN_UNREACHABLE_CODE = YES;
				CLANG_WARN__DUPLICATE_METHOD_MATCH = YES;
				COPY_PHASE_STRIP = NO;
				DEBUG_INFORMATION_FORMAT = "dwarf-with-dsym";
				ENABLE_NS_ASSERTIONS = NO;
				ENABLE_STRICT_OBJC_MSGSEND = YES;
				ENABLE_USER_SCRIPT_SANDBOXING = YES;
				GCC_C_LANGUAGE_STANDARD = gnu17;
				GCC_NO_COMMON_BLOCKS = YES;
				GCC_WARN_64_TO_32_BIT_CONVERSION = YES;
				GCC_WARN_ABOUT_RETURN_TYPE = YES_ERROR;
				GCC_WARN_UNDECLARED_SELECTOR = YES;
				GCC_WARN_UNINITIALIZED_AUTOS = YES_AGGRESSIVE;
				GCC_WARN_UNUSED_FUNCTION = YES;
				GCC_WARN_UNUSED_VARIABLE = YES;
				IPHONEOS_DEPLOYMENT_TARGET = 18.0;
				LOCALIZATION_PREFERS_STRING_CATALOGS = YES;
				MTL_ENABLE_DEBUG_INFO = NO;
				MTL_FAST_MATH = YES;
				SDKROOT = iphoneos;
				SWIFT_COMPILATION_MODE = wholemodule;
				VALIDATE_PRODUCT = YES;
			};
			name = Release;
		};
/* End XCBuildConfiguration section */

/* Begin XCConfigurationList section */
		542B71792DD46BD7006C3EAB /* Build configuration list for PBXProject "KDAN Demo" */ = {
			isa = XCConfigurationList;
			buildConfigurations = (
				542B71942DD46BD8006C3EAB /* Debug */,
				542B71952DD46BD8006C3EAB /* Release */,
			);
			defaultConfigurationIsVisible = 0;
			defaultConfigurationName = Release;
		};
		542B71912DD46BD8006C3EAB /* Build configuration list for PBXNativeTarget "KDAN Demo" */ = {
			isa = XCConfigurationList;
			buildConfigurations = (
				542B71922DD46BD8006C3EAB /* Debug */,
				542B71932DD46BD8006C3EAB /* Release */,
			);
			defaultConfigurationIsVisible = 0;
			defaultConfigurationName = Release;
		};
/* End XCConfigurationList section */
	};
	rootObject = 542B71762DD46BD7006C3EAB /* Project object */;
}
